// !$*UTF8*$!
{
	archiveVersion = 1;
	classes = {
	};
	objectVersion = 77;
	objects = {

/* Begin PBXContainerItemProxy section */
		88908F982CFD4E9800FC8410 /* PBXContainerItemProxy */ = {
			isa = PBXContainerItemProxy;
			containerPortal = 88908F7F2CFD4E9700FC8410 /* Project object */;
			proxyType = 1;
			remoteGlobalIDString = 88908F862CFD4E9700FC8410;
			remoteInfo = powerstack;
		};
		88908FA22CFD4E9800FC8410 /* PBXContainerItemProxy */ = {
			isa = PBXContainerItemProxy;
			containerPortal = 88908F7F2CFD4E9700FC8410 /* Project object */;
			proxyType = 1;
			remoteGlobalIDString = 88908F862CFD4E9700FC8410;
			remoteInfo = powerstack;
		};
/* End PBXContainerItemProxy section */

/* Begin PBXFileReference section */
		88908F872CFD4E9700FC8410 /* powerstack.app */ = {isa = PBXFileReference; explicitFileType = wrapper.application; includeInIndex = 0; path = powerstack.app; sourceTree = BUILT_PRODUCTS_DIR; };
		88908F972CFD4E9800FC8410 /* powerstackTests.xctest */ = {isa = PBXFileReference; explicitFileType = wrapper.cfbundle; includeInIndex = 0; path = powerstackTests.xctest; sourceTree = BUILT_PRODUCTS_DIR; };
		88908FA12CFD4E9800FC8410 /* powerstackUITests.xctest */ = {isa = PBXFileReference; explicitFileType = wrapper.cfbundle; includeInIndex = 0; path = powerstackUITests.xctest; sourceTree = BUILT_PRODUCTS_DIR; };
/* End PBXFileReference section */

/* Begin PBXFileSystemSynchronizedBuildFileExceptionSet section */
		8812F5262D0130E200F20B36 /* Exceptions for "powerstack" folder in "powerstack" target */ = {
			isa = PBXFileSystemSynchronizedBuildFileExceptionSet;
			membershipExceptions = (
				Info.plist,
			);
			target = 88908F862CFD4E9700FC8410 /* powerstack */;
		};
/* End PBXFileSystemSynchronizedBuildFileExceptionSet section */

/* Begin PBXFileSystemSynchronizedRootGroup section */
		88908F892CFD4E9700FC8410 /* powerstack */ = {
			isa = PBXFileSystemSynchronizedRootGroup;
			exceptions = (
				8812F5262D0130E200F20B36 /* Exceptions for "powerstack" folder in "powerstack" target */,
			);
			path = powerstack;
			sourceTree = "<group>";
		};
		88908F9A2CFD4E9800FC8410 /* powerstackTests */ = {
			isa = PBXFileSystemSynchronizedRootGroup;
			path = powerstackTests;
			sourceTree = "<group>";
		};
		88908FA42CFD4E9800FC8410 /* powerstackUITests */ = {
			isa = PBXFileSystemSynchronizedRootGroup;
			path = powerstackUITests;
			sourceTree = "<group>";
		};
/* End PBXFileSystemSynchronizedRootGroup section */

/* Begin PBXFrameworksBuildPhase section */
		88908F842CFD4E9700FC8410 /* Frameworks */ = {
			isa = PBXFrameworksBuildPhase;
			buildActionMask = 2147483647;
			files = (
			);
			runOnlyForDeploymentPostprocessing = 0;
		};
		88908F942CFD4E9800FC8410 /* Frameworks */ = {
			isa = PBXFrameworksBuildPhase;
			buildActionMask = 2147483647;
			files = (
			);
			runOnlyForDeploymentPostprocessing = 0;
		};
		88908F9E2CFD4E9800FC8410 /* Frameworks */ = {
			isa = PBXFrameworksBuildPhase;
			buildActionMask = 2147483647;
			files = (
			);
			runOnlyForDeploymentPostprocessing = 0;
		};
/* End PBXFrameworksBuildPhase section */

/* Begin PBXGroup section */
		88908F7E2CFD4E9700FC8410 = {
			isa = PBXGroup;
			children = (
				88908F892CFD4E9700FC8410 /* powerstack */,
				88908F9A2CFD4E9800FC8410 /* powerstackTests */,
				88908FA42CFD4E9800FC8410 /* powerstackUITests */,
				88908F882CFD4E9700FC8410 /* Products */,
			);
			sourceTree = "<group>";
		};
		88908F882CFD4E9700FC8410 /* Products */ = {
			isa = PBXGroup;
			children = (
				88908F872CFD4E9700FC8410 /* powerstack.app */,
				88908F972CFD4E9800FC8410 /* powerstackTests.xctest */,
				88908FA12CFD4E9800FC8410 /* powerstackUITests.xctest */,
			);
			name = Products;
			sourceTree = "<group>";
		};
/* End PBXGroup section */

/* Begin PBXNativeTarget section */
		88908F862CFD4E9700FC8410 /* powerstack */ = {
			isa = PBXNativeTarget;
			buildConfigurationList = 88908FAB2CFD4E9800FC8410 /* Build configuration list for PBXNativeTarget "powerstack" */;
			buildPhases = (
				88908F832CFD4E9700FC8410 /* Sources */,
				88908F842CFD4E9700FC8410 /* Frameworks */,
				88908F852CFD4E9700FC8410 /* Resources */,
			);
			buildRules = (
			);
			dependencies = (
			);
			fileSystemSynchronizedGroups = (
				88908F892CFD4E9700FC8410 /* powerstack */,
			);
			name = powerstack;
			packageProductDependencies = (
			);
			productName = powerstack;
			productReference = 88908F872CFD4E9700FC8410 /* powerstack.app */;
			productType = "com.apple.product-type.application";
		};
		88908F962CFD4E9800FC8410 /* powerstackTests */ = {
			isa = PBXNativeTarget;
			buildConfigurationList = 88908FAE2CFD4E9800FC8410 /* Build configuration list for PBXNativeTarget "powerstackTests" */;
			buildPhases = (
				88908F932CFD4E9800FC8410 /* Sources */,
				88908F942CFD4E9800FC8410 /* Frameworks */,
				88908F952CFD4E9800FC8410 /* Resources */,
			);
			buildRules = (
			);
			dependencies = (
				88908F992CFD4E9800FC8410 /* PBXTargetDependency */,
			);
			fileSystemSynchronizedGroups = (
				88908F9A2CFD4E9800FC8410 /* powerstackTests */,
			);
			name = powerstackTests;
			packageProductDependencies = (
			);
			productName = powerstackTests;
			productReference = 88908F972CFD4E9800FC8410 /* powerstackTests.xctest */;
			productType = "com.apple.product-type.bundle.unit-test";
		};
		88908FA02CFD4E9800FC8410 /* powerstackUITests */ = {
			isa = PBXNativeTarget;
			buildConfigurationList = 88908FB12CFD4E9800FC8410 /* Build configuration list for PBXNativeTarget "powerstackUITests" */;
			buildPhases = (
				88908F9D2CFD4E9800FC8410 /* Sources */,
				88908F9E2CFD4E9800FC8410 /* Frameworks */,
				88908F9F2CFD4E9800FC8410 /* Resources */,
			);
			buildRules = (
			);
			dependencies = (
				88908FA32CFD4E9800FC8410 /* PBXTargetDependency */,
			);
			fileSystemSynchronizedGroups = (
				88908FA42CFD4E9800FC8410 /* powerstackUITests */,
			);
			name = powerstackUITests;
			packageProductDependencies = (
			);
			productName = powerstackUITests;
			productReference = 88908FA12CFD4E9800FC8410 /* powerstackUITests.xctest */;
			productType = "com.apple.product-type.bundle.ui-testing";
		};
/* End PBXNativeTarget section */

/* Begin PBXProject section */
		88908F7F2CFD4E9700FC8410 /* Project object */ = {
			isa = PBXProject;
			attributes = {
				BuildIndependentTargetsInParallel = 1;
				LastSwiftUpdateCheck = 1610;
				LastUpgradeCheck = 1610;
				TargetAttributes = {
					88908F862CFD4E9700FC8410 = {
						CreatedOnToolsVersion = 16.1;
					};
					88908F962CFD4E9800FC8410 = {
						CreatedOnToolsVersion = 16.1;
						TestTargetID = 88908F862CFD4E9700FC8410;
					};
					88908FA02CFD4E9800FC8410 = {
						CreatedOnToolsVersion = 16.1;
						TestTargetID = 88908F862CFD4E9700FC8410;
					};
				};
			};
			buildConfigurationList = 88908F822CFD4E9700FC8410 /* Build configuration list for PBXProject "powerstack" */;
			developmentRegion = en;
			hasScannedForEncodings = 0;
			knownRegions = (
				en,
				Base,
			);
			mainGroup = 88908F7E2CFD4E9700FC8410;
			minimizedProjectReferenceProxies = 1;
			packageReferences = (
			);
			preferredProjectObjectVersion = 77;
			productRefGroup = 88908F882CFD4E9700FC8410 /* Products */;
			projectDirPath = "";
			projectRoot = "";
			targets = (
				88908F862CFD4E9700FC8410 /* powerstack */,
				88908F962CFD4E9800FC8410 /* powerstackTests */,
				88908FA02CFD4E9800FC8410 /* powerstackUITests */,
			);
		};
/* End PBXProject section */

/* Begin PBXResourcesBuildPhase section */
		88908F852CFD4E9700FC8410 /* Resources */ = {
			isa = PBXResourcesBuildPhase;
			buildActionMask = 2147483647;
			files = (
			);
			runOnlyForDeploymentPostprocessing = 0;
		};
		88908F952CFD4E9800FC8410 /* Resources */ = {
			isa = PBXResourcesBuildPhase;
			buildActionMask = 2147483647;
			files = (
			);
			runOnlyForDeploymentPostprocessing = 0;
		};
		88908F9F2CFD4E9800FC8410 /* Resources */ = {
			isa = PBXResourcesBuildPhase;
			buildActionMask = 2147483647;
			files = (
			);
			runOnlyForDeploymentPostprocessing = 0;
		};
/* End PBXResourcesBuildPhase section */

/* Begin PBXSourcesBuildPhase section */
		88908F832CFD4E9700FC8410 /* Sources */ = {
			isa = PBXSourcesBuildPhase;
			buildActionMask = 2147483647;
			files = (
			);
			runOnlyForDeploymentPostprocessing = 0;
		};
		88908F932CFD4E9800FC8410 /* Sources */ = {
			isa = PBXSourcesBuildPhase;
			buildActionMask = 2147483647;
			files = (
			);
			runOnlyForDeploymentPostprocessing = 0;
		};
		88908F9D2CFD4E9800FC8410 /* Sources */ = {
			isa = PBXSourcesBuildPhase;
			buildActionMask = 2147483647;
			files = (
			);
			runOnlyForDeploymentPostprocessing = 0;
		};
/* End PBXSourcesBuildPhase section */

/* Begin PBXTargetDependency section */
		88908F992CFD4E9800FC8410 /* PBXTargetDependency */ = {
			isa = PBXTargetDependency;
			target = 88908F862CFD4E9700FC8410 /* powerstack */;
			targetProxy = 88908F982CFD4E9800FC8410 /* PBXContainerItemProxy */;
		};
		88908FA32CFD4E9800FC8410 /* PBXTargetDependency */ = {
			isa = PBXTargetDependency;
			target = 88908F862CFD4E9700FC8410 /* powerstack */;
			targetProxy = 88908FA22CFD4E9800FC8410 /* PBXContainerItemProxy */;
		};
/* End PBXTargetDependency section */

/* Begin XCBuildConfiguration section */
		88908FA92CFD4E9800FC8410 /* Debug */ = {
			isa = XCBuildConfiguration;
			buildSettings = {
				ALWAYS_SEARCH_USER_PATHS = NO;
				ASSETCATALOG_COMPILER_GENERATE_SWIFT_ASSET_SYMBOL_EXTENSIONS = YES;
				CLANG_ANALYZER_NONNULL = YES;
				CLANG_ANALYZER_NUMBER_OBJECT_CONVERSION = YES_AGGRESSIVE;
				CLANG_CXX_LANGUAGE_STANDARD = "gnu++20";
				CLANG_ENABLE_MODULES = YES;
				CLANG_ENABLE_OBJC_ARC = YES;
				CLANG_ENABLE_OBJC_WEAK = YES;
				CLANG_WARN_BLOCK_CAPTURE_AUTORELEASING = YES;
				CLANG_WARN_BOOL_CONVERSION = YES;
				CLANG_WARN_COMMA = YES;
				CLANG_WARN_CONSTANT_CONVERSION = YES;
				CLANG_WARN_DEPRECATED_OBJC_IMPLEMENTATIONS = YES;
				CLANG_WARN_DIRECT_OBJC_ISA_USAGE = YES_ERROR;
				CLANG_WARN_DOCUMENTATION_COMMENTS = YES;
				CLANG_WARN_EMPTY_BODY = YES;
				CLANG_WARN_ENUM_CONVERSION = YES;
				CLANG_WARN_INFINITE_RECURSION = YES;
				CLANG_WARN_INT_CONVERSION = YES;
				CLANG_WARN_NON_LITERAL_NULL_CONVERSION = YES;
				CLANG_WARN_OBJC_IMPLICIT_RETAIN_SELF = YES;
				CLANG_WARN_OBJC_LITERAL_CONVERSION = YES;
				CLANG_WARN_OBJC_ROOT_CLASS = YES_ERROR;
				CLANG_WARN_QUOTED_INCLUDE_IN_FRAMEWORK_HEADER = YES;
				CLANG_WARN_RANGE_LOOP_ANALYSIS = YES;
				CLANG_WARN_STRICT_PROTOTYPES = YES;
				CLANG_WARN_SUSPICIOUS_MOVE = YES;
				CLANG_WARN_UNGUARDED_AVAILABILITY = YES_AGGRESSIVE;
				CLANG_WARN_UNREACHABLE_CODE = YES;
				CLANG_WARN__DUPLICATE_METHOD_MATCH = YES;
				COPY_PHASE_STRIP = NO;
				DEBUG_INFORMATION_FORMAT = dwarf;
				ENABLE_STRICT_OBJC_MSGSEND = YES;
				ENABLE_TESTABILITY = YES;
				ENABLE_USER_SCRIPT_SANDBOXING = YES;
				GCC_C_LANGUAGE_STANDARD = gnu17;
				GCC_DYNAMIC_NO_PIC = NO;
				GCC_NO_COMMON_BLOCKS = YES;
				GCC_OPTIMIZATION_LEVEL = 0;
				GCC_PREPROCESSOR_DEFINITIONS = (
					"DEBUG=1",
					"$(inherited)",
				);
				GCC_WARN_64_TO_32_BIT_CONVERSION = YES;
				GCC_WARN_ABOUT_RETURN_TYPE = YES_ERROR;
				GCC_WARN_UNDECLARED_SELECTOR = YES;
				GCC_WARN_UNINITIALIZED_AUTOS = YES_AGGRESSIVE;
				GCC_WARN_UNUSED_FUNCTION = YES;
				GCC_WARN_UNUSED_VARIABLE = YES;
				IPHONEOS_DEPLOYMENT_TARGET = 18.1;
				LOCALIZATION_PREFERS_STRING_CATALOGS = YES;
				MTL_ENABLE_DEBUG_INFO = INCLUDE_SOURCE;
				MTL_FAST_MATH = YES;
				ONLY_ACTIVE_ARCH = YES;
				SDKROOT = iphoneos;
				SWIFT_ACTIVE_COMPILATION_CONDITIONS = "DEBUG $(inherited)";
				SWIFT_OPTIMIZATION_LEVEL = "-Onone";
			};
			name = Debug;
		};
		88908FAA2CFD4E9800FC8410 /* Release */ = {
			isa = XCBuildConfiguration;
			buildSettings = {
				ALWAYS_SEARCH_USER_PATHS = NO;
				ASSETCATALOG_COMPILER_GENERATE_SWIFT_ASSET_SYMBOL_EXTENSIONS = YES;
				CLANG_ANALYZER_NONNULL = YES;
				CLANG_ANALYZER_NUMBER_OBJECT_CONVERSION = YES_AGGRESSIVE;
				CLANG_CXX_LANGUAGE_STANDARD = "gnu++20";
				CLANG_ENABLE_MODULES = YES;
				CLANG_ENABLE_OBJC_ARC = YES;
				CLANG_ENABLE_OBJC_WEAK = YES;
				CLANG_WARN_BLOCK_CAPTURE_AUTORELEASING = YES;
				CLANG_WARN_BOOL_CONVERSION = YES;
				CLANG_WARN_COMMA = YES;
				CLANG_WARN_CONSTANT_CONVERSION = YES;
				CLANG_WARN_DEPRECATED_OBJC_IMPLEMENTATIONS = YES;
				CLANG_WARN_DIRECT_OBJC_ISA_USAGE = YES_ERROR;
				CLANG_WARN_DOCUMENTATION_COMMENTS = YES;
				CLANG_WARN_EMPTY_BODY = YES;
				CLANG_WARN_ENUM_CONVERSION = YES;
				CLANG_WARN_INFINITE_RECURSION = YES;
				CLANG_WARN_INT_CONVERSION = YES;
				CLANG_WARN_NON_LITERAL_NULL_CONVERSION = YES;
				CLANG_WARN_OBJC_IMPLICIT_RETAIN_SELF = YES;
				CLANG_WARN_OBJC_LITERAL_CONVERSION = YES;
				CLANG_WARN_OBJC_ROOT_CLASS = YES_ERROR;
				CLANG_WARN_QUOTED_INCLUDE_IN_FRAMEWORK_HEADER = YES;
				CLANG_WARN_RANGE_LOOP_ANALYSIS = YES;
				CLANG_WARN_STRICT_PROTOTYPES = YES;
				CLANG_WARN_SUSPICIOUS_MOVE = YES;
				CLANG_WARN_UNGUARDED_AVAILABILITY = YES_AGGRESSIVE;
				CLANG_WARN_UNREACHABLE_CODE = YES;
				CLANG_WARN__DUPLICATE_METHOD_MATCH = YES;
				COPY_PHASE_STRIP = NO;
				DEBUG_INFORMATION_FORMAT = "dwarf-with-dsym";
				ENABLE_NS_ASSERTIONS = NO;
				ENABLE_STRICT_OBJC_MSGSEND = YES;
				ENABLE_USER_SCRIPT_SANDBOXING = YES;
				GCC_C_LANGUAGE_STANDARD = gnu17;
				GCC_NO_COMMON_BLOCKS = YES;
				GCC_WARN_64_TO_32_BIT_CONVERSION = YES;
				GCC_WARN_ABOUT_RETURN_TYPE = YES_ERROR;
				GCC_WARN_UNDECLARED_SELECTOR = YES;
				GCC_WARN_UNINITIALIZED_AUTOS = YES_AGGRESSIVE;
				GCC_WARN_UNUSED_FUNCTION = YES;
				GCC_WARN_UNUSED_VARIABLE = YES;
				IPHONEOS_DEPLOYMENT_TARGET = 18.1;
				LOCALIZATION_PREFERS_STRING_CATALOGS = YES;
				MTL_ENABLE_DEBUG_INFO = NO;
				MTL_FAST_MATH = YES;
				SDKROOT = iphoneos;
				SWIFT_COMPILATION_MODE = wholemodule;
				VALIDATE_PRODUCT = YES;
			};
			name = Release;
		};
		88908FAC2CFD4E9800FC8410 /* Debug */ = {
			isa = XCBuildConfiguration;
			buildSettings = {
				ASSETCATALOG_COMPILER_APPICON_NAME = AppIcon;
				ASSETCATALOG_COMPILER_GLOBAL_ACCENT_COLOR_NAME = AccentColor;
				CODE_SIGN_IDENTITY = "Apple Development";
				CODE_SIGN_STYLE = Automatic;
				CURRENT_PROJECT_VERSION = 1;
				DEVELOPMENT_ASSET_PATHS = "\"powerstack/Preview Content\"";
				DEVELOPMENT_TEAM = FWCSM97863;
				ENABLE_PREVIEWS = YES;
				GENERATE_INFOPLIST_FILE = YES;
				INFOPLIST_FILE = powerstack/Info.plist;
				INFOPLIST_KEY_CFBundleDisplayName = PowerStack;
				INFOPLIST_KEY_LSApplicationCategoryType = "public.app-category.healthcare-fitness";
				INFOPLIST_KEY_UIApplicationSceneManifest_Generation = YES;
				INFOPLIST_KEY_UIApplicationSupportsIndirectInputEvents = YES;
				INFOPLIST_KEY_UILaunchScreen_Generation = YES;
				INFOPLIST_KEY_UISupportedInterfaceOrientations_iPad = "UIInterfaceOrientationPortrait UIInterfaceOrientationPortraitUpsideDown UIInterfaceOrientationLandscapeLeft UIInterfaceOrientationLandscapeRight";
				INFOPLIST_KEY_UISupportedInterfaceOrientations_iPhone = "UIInterfaceOrientationPortrait UIInterfaceOrientationLandscapeLeft UIInterfaceOrientationLandscapeRight";
				IPHONEOS_DEPLOYMENT_TARGET = 17.6;
				LD_RUNPATH_SEARCH_PATHS = (
					"$(inherited)",
					"@executable_path/Frameworks",
				);
				MARKETING_VERSION = 1.0;
				PRODUCT_BUNDLE_IDENTIFIER = com.abdulh.powerstack;
				PRODUCT_NAME = "$(TARGET_NAME)";
				PROVISIONING_PROFILE_SPECIFIER = "";
				SWIFT_EMIT_LOC_STRINGS = YES;
				SWIFT_VERSION = 5.0;
				TARGETED_DEVICE_FAMILY = "1,2";
			};
			name = Debug;
		};
		88908FAD2CFD4E9800FC8410 /* Release */ = {
			isa = XCBuildConfiguration;
			buildSettings = {
				ASSETCATALOG_COMPILER_APPICON_NAME = AppIcon;
				ASSETCATALOG_COMPILER_GLOBAL_ACCENT_COLOR_NAME = AccentColor;
				CODE_SIGN_IDENTITY = "Apple Development";
				CODE_SIGN_STYLE = Automatic;
				CURRENT_PROJECT_VERSION = 1;
				DEVELOPMENT_ASSET_PATHS = "\"powerstack/Preview Content\"";
				DEVELOPMENT_TEAM = FWCSM97863;
				ENABLE_PREVIEWS = YES;
				GENERATE_INFOPLIST_FILE = YES;
				INFOPLIST_FILE = powerstack/Info.plist;
				INFOPLIST_KEY_CFBundleDisplayName = PowerStack;
				INFOPLIST_KEY_LSApplicationCategoryType = "public.app-category.healthcare-fitness";
				INFOPLIST_KEY_UIApplicationSceneManifest_Generation = YES;
				INFOPLIST_KEY_UIApplicationSupportsIndirectInputEvents = YES;
				INFOPLIST_KEY_UILaunchScreen_Generation = YES;
				INFOPLIST_KEY_UISupportedInterfaceOrientations_iPad = "UIInterfaceOrientationPortrait UIInterfaceOrientationPortraitUpsideDown UIInterfaceOrientationLandscapeLeft UIInterfaceOrientationLandscapeRight";
				INFOPLIST_KEY_UISupportedInterfaceOrientations_iPhone = "UIInterfaceOrientationPortrait UIInterfaceOrientationLandscapeLeft UIInterfaceOrientationLandscapeRight";
				IPHONEOS_DEPLOYMENT_TARGET = 17.6;
				LD_RUNPATH_SEARCH_PATHS = (
					"$(inherited)",
					"@executable_path/Frameworks",
				);
				MARKETING_VERSION = 1.0;
				PRODUCT_BUNDLE_IDENTIFIER = com.abdulh.powerstack;
				PRODUCT_NAME = "$(TARGET_NAME)";
				PROVISIONING_PROFILE_SPECIFIER = "";
				SWIFT_EMIT_LOC_STRINGS = YES;
				SWIFT_VERSION = 5.0;
				TARGETED_DEVICE_FAMILY = "1,2";
			};
			name = Release;
		};
		88908FAF2CFD4E9800FC8410 /* Debug */ = {
			isa = XCBuildConfiguration;
			buildSettings = {
				BUNDLE_LOADER = "$(TEST_HOST)";
				CODE_SIGN_STYLE = Automatic;
				CURRENT_PROJECT_VERSION = 1;
				DEVELOPMENT_TEAM = FWCSM97863;
				GENERATE_INFOPLIST_FILE = YES;
				IPHONEOS_DEPLOYMENT_TARGET = 17.6;
				MARKETING_VERSION = 1.0;
				PRODUCT_BUNDLE_IDENTIFIER = com.abdulh.powerstackTests;
				PRODUCT_NAME = "$(TARGET_NAME)";
				SWIFT_EMIT_LOC_STRINGS = NO;
				SWIFT_VERSION = 5.0;
				TARGETED_DEVICE_FAMILY = "1,2";
				TEST_HOST = "$(BUILT_PRODUCTS_DIR)/powerstack.app/$(BUNDLE_EXECUTABLE_FOLDER_PATH)/powerstack";
			};
			name = Debug;
		};
		88908FB02CFD4E9800FC8410 /* Release */ = {
			isa = XCBuildConfiguration;
			buildSettings = {
				BUNDLE_LOADER = "$(TEST_HOST)";
				CODE_SIGN_STYLE = Automatic;
				CURRENT_PROJECT_VERSION = 1;
				DEVELOPMENT_TEAM = FWCSM97863;
				GENERATE_INFOPLIST_FILE = YES;
				IPHONEOS_DEPLOYMENT_TARGET = 17.6;
				MARKETING_VERSION = 1.0;
				PRODUCT_BUNDLE_IDENTIFIER = com.abdulh.powerstackTests;
				PRODUCT_NAME = "$(TARGET_NAME)";
				SWIFT_EMIT_LOC_STRINGS = NO;
				SWIFT_VERSION = 5.0;
				TARGETED_DEVICE_FAMILY = "1,2";
				TEST_HOST = "$(BUILT_PRODUCTS_DIR)/powerstack.app/$(BUNDLE_EXECUTABLE_FOLDER_PATH)/powerstack";
			};
			name = Release;
		};
		88908FB22CFD4E9800FC8410 /* Debug */ = {
			isa = XCBuildConfiguration;
			buildSettings = {
				CODE_SIGN_STYLE = Automatic;
				CURRENT_PROJECT_VERSION = 1;
				DEVELOPMENT_TEAM = FWCSM97863;
				GENERATE_INFOPLIST_FILE = YES;
				IPHONEOS_DEPLOYMENT_TARGET = 17.6;
				MARKETING_VERSION = 1.0;
				PRODUCT_BUNDLE_IDENTIFIER = com.abdulh.powerstackUITests;
				PRODUCT_NAME = "$(TARGET_NAME)";
				SWIFT_EMIT_LOC_STRINGS = NO;
				SWIFT_VERSION = 5.0;
				TARGETED_DEVICE_FAMILY = "1,2";
				TEST_TARGET_NAME = powerstack;
			};
			name = Debug;
		};
		88908FB32CFD4E9800FC8410 /* Release */ = {
			isa = XCBuildConfiguration;
			buildSettings = {
				CODE_SIGN_STYLE = Automatic;
				CURRENT_PROJECT_VERSION = 1;
				DEVELOPMENT_TEAM = FWCSM97863;
				GENERATE_INFOPLIST_FILE = YES;
				IPHONEOS_DEPLOYMENT_TARGET = 17.6;
				MARKETING_VERSION = 1.0;
				PRODUCT_BUNDLE_IDENTIFIER = com.abdulh.powerstackUITests;
				PRODUCT_NAME = "$(TARGET_NAME)";
				SWIFT_EMIT_LOC_STRINGS = NO;
				SWIFT_VERSION = 5.0;
				TARGETED_DEVICE_FAMILY = "1,2";
				TEST_TARGET_NAME = powerstack;
			};
			name = Release;
		};
/* End XCBuildConfiguration section */

/* Begin XCConfigurationList section */
		88908F822CFD4E9700FC8410 /* Build configuration list for PBXProject "powerstack" */ = {
			isa = XCConfigurationList;
			buildConfigurations = (
				88908FA92CFD4E9800FC8410 /* Debug */,
				88908FAA2CFD4E9800FC8410 /* Release */,
			);
			defaultConfigurationIsVisible = 0;
			defaultConfigurationName = Release;
		};
		88908FAB2CFD4E9800FC8410 /* Build configuration list for PBXNativeTarget "powerstack" */ = {
			isa = XCConfigurationList;
			buildConfigurations = (
				88908FAC2CFD4E9800FC8410 /* Debug */,
				88908FAD2CFD4E9800FC8410 /* Release */,
			);
			defaultConfigurationIsVisible = 0;
			defaultConfigurationName = Release;
		};
		88908FAE2CFD4E9800FC8410 /* Build configuration list for PBXNativeTarget "powerstackTests" */ = {
			isa = XCConfigurationList;
			buildConfigurations = (
				88908FAF2CFD4E9800FC8410 /* Debug */,
				88908FB02CFD4E9800FC8410 /* Release */,
			);
			defaultConfigurationIsVisible = 0;
			defaultConfigurationName = Release;
		};
		88908FB12CFD4E9800FC8410 /* Build configuration list for PBXNativeTarget "powerstackUITests" */ = {
			isa = XCConfigurationList;
			buildConfigurations = (
				88908FB22CFD4E9800FC8410 /* Debug */,
				88908FB32CFD4E9800FC8410 /* Release */,
			);
			defaultConfigurationIsVisible = 0;
			defaultConfigurationName = Release;
		};
/* End XCConfigurationList section */
	};
	rootObject = 88908F7F2CFD4E9700FC8410 /* Project object */;
}
